// !$*UTF8*$!
{
	archiveVersion = 1;
	classes = {
	};
	objectVersion = 46;
	objects = {

/* Begin PBXBuildFile section */
		04626E2B1F6A68FE0009F076 /* AppDelegate.swift in Sources */ = {isa = PBXBuildFile; fileRef = 04626E2A1F6A68FE0009F076 /* AppDelegate.swift */; };
		04626E2D1F6A68FE0009F076 /* ViewController.swift in Sources */ = {isa = PBXBuildFile; fileRef = 04626E2C1F6A68FE0009F076 /* ViewController.swift */; };
		04626E301F6A68FE0009F076 /* Main.storyboard in Resources */ = {isa = PBXBuildFile; fileRef = 04626E2E1F6A68FE0009F076 /* Main.storyboard */; };
		04626E331F6A68FE0009F076 /* Goal_App__.xcdatamodeld in Sources */ = {isa = PBXBuildFile; fileRef = 04626E311F6A68FE0009F076 /* Goal_App__.xcdatamodeld */; };
		04626E351F6A68FE0009F076 /* Assets.xcassets in Resources */ = {isa = PBXBuildFile; fileRef = 04626E341F6A68FE0009F076 /* Assets.xcassets */; };
		04626E381F6A68FE0009F076 /* LaunchScreen.storyboard in Resources */ = {isa = PBXBuildFile; fileRef = 04626E361F6A68FE0009F076 /* LaunchScreen.storyboard */; };
		04626E431F6A68FE0009F076 /* Goal_App__Tests.swift in Sources */ = {isa = PBXBuildFile; fileRef = 04626E421F6A68FE0009F076 /* Goal_App__Tests.swift */; };
		04626E4E1F6A68FE0009F076 /* Goal_App__UITests.swift in Sources */ = {isa = PBXBuildFile; fileRef = 04626E4D1F6A68FE0009F076 /* Goal_App__UITests.swift */; };
/* End PBXBuildFile section */

/* Begin PBXContainerItemProxy section */
		04626E3F1F6A68FE0009F076 /* PBXContainerItemProxy */ = {
			isa = PBXContainerItemProxy;
			containerPortal = 04626E1F1F6A68FE0009F076 /* Project object */;
			proxyType = 1;
			remoteGlobalIDString = 04626E261F6A68FE0009F076;
			remoteInfo = "Goal App!!";
		};
		04626E4A1F6A68FE0009F076 /* PBXContainerItemProxy */ = {
			isa = PBXContainerItemProxy;
			containerPortal = 04626E1F1F6A68FE0009F076 /* Project object */;
			proxyType = 1;
			remoteGlobalIDString = 04626E261F6A68FE0009F076;
			remoteInfo = "Goal App!!";
		};
/* End PBXContainerItemProxy section */

/* Begin PBXFileReference section */
		04626E271F6A68FE0009F076 /* Goal App!!.app */ = {isa = PBXFileReference; explicitFileType = wrapper.application; includeInIndex = 0; path = "Goal App!!.app"; sourceTree = BUILT_PRODUCTS_DIR; };
		04626E2A1F6A68FE0009F076 /* AppDelegate.swift */ = {isa = PBXFileReference; lastKnownFileType = sourcecode.swift; path = AppDelegate.swift; sourceTree = "<group>"; };
		04626E2C1F6A68FE0009F076 /* ViewController.swift */ = {isa = PBXFileReference; lastKnownFileType = sourcecode.swift; path = ViewController.swift; sourceTree = "<group>"; };
		04626E2F1F6A68FE0009F076 /* Base */ = {isa = PBXFileReference; lastKnownFileType = file.storyboard; name = Base; path = Base.lproj/Main.storyboard; sourceTree = "<group>"; };
		04626E321F6A68FE0009F076 /* Goal_App__.xcdatamodel */ = {isa = PBXFileReference; lastKnownFileType = wrapper.xcdatamodel; path = Goal_App__.xcdatamodel; sourceTree = "<group>"; };
		04626E341F6A68FE0009F076 /* Assets.xcassets */ = {isa = PBXFileReference; lastKnownFileType = folder.assetcatalog; path = Assets.xcassets; sourceTree = "<group>"; };
		04626E371F6A68FE0009F076 /* Base */ = {isa = PBXFileReference; lastKnownFileType = file.storyboard; name = Base; path = Base.lproj/LaunchScreen.storyboard; sourceTree = "<group>"; };
		04626E391F6A68FE0009F076 /* Info.plist */ = {isa = PBXFileReference; lastKnownFileType = text.plist.xml; path = Info.plist; sourceTree = "<group>"; };
		04626E3E1F6A68FE0009F076 /* Goal App!!Tests.xctest */ = {isa = PBXFileReference; explicitFileType = wrapper.cfbundle; includeInIndex = 0; path = "Goal App!!Tests.xctest"; sourceTree = BUILT_PRODUCTS_DIR; };
		04626E421F6A68FE0009F076 /* Goal_App__Tests.swift */ = {isa = PBXFileReference; lastKnownFileType = sourcecode.swift; path = Goal_App__Tests.swift; sourceTree = "<group>"; };
		04626E441F6A68FE0009F076 /* Info.plist */ = {isa = PBXFileReference; lastKnownFileType = text.plist.xml; path = Info.plist; sourceTree = "<group>"; };
		04626E491F6A68FE0009F076 /* Goal App!!UITests.xctest */ = {isa = PBXFileReference; explicitFileType = wrapper.cfbundle; includeInIndex = 0; path = "Goal App!!UITests.xctest"; sourceTree = BUILT_PRODUCTS_DIR; };
		04626E4D1F6A68FE0009F076 /* Goal_App__UITests.swift */ = {isa = PBXFileReference; lastKnownFileType = sourcecode.swift; path = Goal_App__UITests.swift; sourceTree = "<group>"; };
		04626E4F1F6A68FE0009F076 /* Info.plist */ = {isa = PBXFileReference; lastKnownFileType = text.plist.xml; path = Info.plist; sourceTree = "<group>"; };
/* End PBXFileReference section */

/* Begin PBXFrameworksBuildPhase section */
		04626E241F6A68FE0009F076 /* Frameworks */ = {
			isa = PBXFrameworksBuildPhase;
			buildActionMask = 2147483647;
			files = (
			);
			runOnlyForDeploymentPostprocessing = 0;
		};
		04626E3B1F6A68FE0009F076 /* Frameworks */ = {
			isa = PBXFrameworksBuildPhase;
			buildActionMask = 2147483647;
			files = (
			);
			runOnlyForDeploymentPostprocessing = 0;
		};
		04626E461F6A68FE0009F076 /* Frameworks */ = {
			isa = PBXFrameworksBuildPhase;
			buildActionMask = 2147483647;
			files = (
			);
			runOnlyForDeploymentPostprocessing = 0;
		};
/* End PBXFrameworksBuildPhase section */

/* Begin PBXGroup section */
		04626E1E1F6A68FE0009F076 = {
			isa = PBXGroup;
			children = (
				04626E291F6A68FE0009F076 /* Goal App!! */,
				04626E411F6A68FE0009F076 /* Goal App!!Tests */,
				04626E4C1F6A68FE0009F076 /* Goal App!!UITests */,
				04626E281F6A68FE0009F076 /* Products */,
			);
			sourceTree = "<group>";
		};
		04626E281F6A68FE0009F076 /* Products */ = {
			isa = PBXGroup;
			children = (
				04626E271F6A68FE0009F076 /* Goal App!!.app */,
				04626E3E1F6A68FE0009F076 /* Goal App!!Tests.xctest */,
				04626E491F6A68FE0009F076 /* Goal App!!UITests.xctest */,
			);
			name = Products;
			sourceTree = "<group>";
		};
		04626E291F6A68FE0009F076 /* Goal App!! */ = {
			isa = PBXGroup;
			children = (
				04626E2A1F6A68FE0009F076 /* AppDelegate.swift */,
				04626E2C1F6A68FE0009F076 /* ViewController.swift */,
				04626E2E1F6A68FE0009F076 /* Main.storyboard */,
				04626E341F6A68FE0009F076 /* Assets.xcassets */,
				04626E361F6A68FE0009F076 /* LaunchScreen.storyboard */,
				04626E391F6A68FE0009F076 /* Info.plist */,
				04626E311F6A68FE0009F076 /* Goal_App__.xcdatamodeld */,
			);
			path = "Goal App!!";
			sourceTree = "<group>";
		};
		04626E411F6A68FE0009F076 /* Goal App!!Tests */ = {
			isa = PBXGroup;
			children = (
				04626E421F6A68FE0009F076 /* Goal_App__Tests.swift */,
				04626E441F6A68FE0009F076 /* Info.plist */,
			);
			path = "Goal App!!Tests";
			sourceTree = "<group>";
		};
		04626E4C1F6A68FE0009F076 /* Goal App!!UITests */ = {
			isa = PBXGroup;
			children = (
				04626E4D1F6A68FE0009F076 /* Goal_App__UITests.swift */,
				04626E4F1F6A68FE0009F076 /* Info.plist */,
			);
			path = "Goal App!!UITests";
			sourceTree = "<group>";
		};
/* End PBXGroup section */

/* Begin PBXNativeTarget section */
		04626E261F6A68FE0009F076 /* Goal App!! */ = {
			isa = PBXNativeTarget;
			buildConfigurationList = 04626E521F6A68FE0009F076 /* Build configuration list for PBXNativeTarget "Goal App!!" */;
			buildPhases = (
				04626E231F6A68FE0009F076 /* Sources */,
				04626E241F6A68FE0009F076 /* Frameworks */,
				04626E251F6A68FE0009F076 /* Resources */,
			);
			buildRules = (
			);
			dependencies = (
			);
			name = "Goal App!!";
			productName = "Goal App!!";
			productReference = 04626E271F6A68FE0009F076 /* Goal App!!.app */;
			productType = "com.apple.product-type.application";
		};
		04626E3D1F6A68FE0009F076 /* Goal App!!Tests */ = {
			isa = PBXNativeTarget;
			buildConfigurationList = 04626E551F6A68FE0009F076 /* Build configuration list for PBXNativeTarget "Goal App!!Tests" */;
			buildPhases = (
				04626E3A1F6A68FE0009F076 /* Sources */,
				04626E3B1F6A68FE0009F076 /* Frameworks */,
				04626E3C1F6A68FE0009F076 /* Resources */,
			);
			buildRules = (
			);
			dependencies = (
				04626E401F6A68FE0009F076 /* PBXTargetDependency */,
			);
			name = "Goal App!!Tests";
			productName = "Goal App!!Tests";
			productReference = 04626E3E1F6A68FE0009F076 /* Goal App!!Tests.xctest */;
			productType = "com.apple.product-type.bundle.unit-test";
		};
		04626E481F6A68FE0009F076 /* Goal App!!UITests */ = {
			isa = PBXNativeTarget;
			buildConfigurationList = 04626E581F6A68FE0009F076 /* Build configuration list for PBXNativeTarget "Goal App!!UITests" */;
			buildPhases = (
				04626E451F6A68FE0009F076 /* Sources */,
				04626E461F6A68FE0009F076 /* Frameworks */,
				04626E471F6A68FE0009F076 /* Resources */,
			);
			buildRules = (
			);
			dependencies = (
				04626E4B1F6A68FE0009F076 /* PBXTargetDependency */,
			);
			name = "Goal App!!UITests";
			productName = "Goal App!!UITests";
			productReference = 04626E491F6A68FE0009F076 /* Goal App!!UITests.xctest */;
			productType = "com.apple.product-type.bundle.ui-testing";
		};
/* End PBXNativeTarget section */

/* Begin PBXProject section */
		04626E1F1F6A68FE0009F076 /* Project object */ = {
			isa = PBXProject;
			attributes = {
				LastSwiftUpdateCheck = 0830;
				LastUpgradeCheck = 0830;
				ORGANIZATIONNAME = mac;
				TargetAttributes = {
					04626E261F6A68FE0009F076 = {
						CreatedOnToolsVersion = 8.3.3;
						ProvisioningStyle = Automatic;
					};
					04626E3D1F6A68FE0009F076 = {
						CreatedOnToolsVersion = 8.3.3;
						ProvisioningStyle = Automatic;
						TestTargetID = 04626E261F6A68FE0009F076;
					};
					04626E481F6A68FE0009F076 = {
						CreatedOnToolsVersion = 8.3.3;
						ProvisioningStyle = Automatic;
						TestTargetID = 04626E261F6A68FE0009F076;
					};
				};
			};
			buildConfigurationList = 04626E221F6A68FE0009F076 /* Build configuration list for PBXProject "Goal App!!" */;
			compatibilityVersion = "Xcode 3.2";
			developmentRegion = English;
			hasScannedForEncodings = 0;
			knownRegions = (
				en,
				Base,
			);
			mainGroup = 04626E1E1F6A68FE0009F076;
			productRefGroup = 04626E281F6A68FE0009F076 /* Products */;
			projectDirPath = "";
			projectRoot = "";
			targets = (
				04626E261F6A68FE0009F076 /* Goal App!! */,
				04626E3D1F6A68FE0009F076 /* Goal App!!Tests */,
				04626E481F6A68FE0009F076 /* Goal App!!UITests */,
			);
		};
/* End PBXProject section */

/* Begin PBXResourcesBuildPhase section */
		04626E251F6A68FE0009F076 /* Resources */ = {
			isa = PBXResourcesBuildPhase;
			buildActionMask = 2147483647;
			files = (
				04626E381F6A68FE0009F076 /* LaunchScreen.storyboard in Resources */,
				04626E351F6A68FE0009F076 /* Assets.xcassets in Resources */,
				04626E301F6A68FE0009F076 /* Main.storyboard in Resources */,
			);
			runOnlyForDeploymentPostprocessing = 0;
		};
		04626E3C1F6A68FE0009F076 /* Resources */ = {
			isa = PBXResourcesBuildPhase;
			buildActionMask = 2147483647;
			files = (
			);
			runOnlyForDeploymentPostprocessing = 0;
		};
		04626E471F6A68FE0009F076 /* Resources */ = {
			isa = PBXResourcesBuildPhase;
			buildActionMask = 2147483647;
			files = (
			);
			runOnlyForDeploymentPostprocessing = 0;
		};
/* End PBXResourcesBuildPhase section */

/* Begin PBXSourcesBuildPhase section */
		04626E231F6A68FE0009F076 /* Sources */ = {
			isa = PBXSourcesBuildPhase;
			buildActionMask = 2147483647;
			files = (
				04626E331F6A68FE0009F076 /* Goal_App__.xcdatamodeld in Sources */,
				04626E2D1F6A68FE0009F076 /* ViewController.swift in Sources */,
				04626E2B1F6A68FE0009F076 /* AppDelegate.swift in Sources */,
			);
			runOnlyForDeploymentPostprocessing = 0;
		};
		04626E3A1F6A68FE0009F076 /* Sources */ = {
			isa = PBXSourcesBuildPhase;
			buildActionMask = 2147483647;
			files = (
				04626E431F6A68FE0009F076 /* Goal_App__Tests.swift in Sources */,
			);
			runOnlyForDeploymentPostprocessing = 0;
		};
		04626E451F6A68FE0009F076 /* Sources */ = {
			isa = PBXSourcesBuildPhase;
			buildActionMask = 2147483647;
			files = (
				04626E4E1F6A68FE0009F076 /* Goal_App__UITests.swift in Sources */,
			);
			runOnlyForDeploymentPostprocessing = 0;
		};
/* End PBXSourcesBuildPhase section */

/* Begin PBXTargetDependency section */
		04626E401F6A68FE0009F076 /* PBXTargetDependency */ = {
			isa = PBXTargetDependency;
			target = 04626E261F6A68FE0009F076 /* Goal App!! */;
			targetProxy = 04626E3F1F6A68FE0009F076 /* PBXContainerItemProxy */;
		};
		04626E4B1F6A68FE0009F076 /* PBXTargetDependency */ = {
			isa = PBXTargetDependency;
			target = 04626E261F6A68FE0009F076 /* Goal App!! */;
			targetProxy = 04626E4A1F6A68FE0009F076 /* PBXContainerItemProxy */;
		};
/* End PBXTargetDependency section */

/* Begin PBXVariantGroup section */
		04626E2E1F6A68FE0009F076 /* Main.storyboard */ = {
			isa = PBXVariantGroup;
			children = (
				04626E2F1F6A68FE0009F076 /* Base */,
			);
			name = Main.storyboard;
			sourceTree = "<group>";
		};
		04626E361F6A68FE0009F076 /* LaunchScreen.storyboard */ = {
			isa = PBXVariantGroup;
			children = (
				04626E371F6A68FE0009F076 /* Base */,
			);
			name = LaunchScreen.storyboard;
			sourceTree = "<group>";
		};
/* End PBXVariantGroup section */

/* Begin XCBuildConfiguration section */
		04626E501F6A68FE0009F076 /* Debug */ = {
			isa = XCBuildConfiguration;
			buildSettings = {
				ALWAYS_SEARCH_USER_PATHS = NO;
				CLANG_ANALYZER_NONNULL = YES;
				CLANG_ANALYZER_NUMBER_OBJECT_CONVERSION = YES_AGGRESSIVE;
				CLANG_CXX_LANGUAGE_STANDARD = "gnu++0x";
				CLANG_CXX_LIBRARY = "libc++";
				CLANG_ENABLE_MODULES = YES;
				CLANG_ENABLE_OBJC_ARC = YES;
				CLANG_WARN_BOOL_CONVERSION = YES;
				CLANG_WARN_CONSTANT_CONVERSION = YES;
				CLANG_WARN_DIRECT_OBJC_ISA_USAGE = YES_ERROR;
				CLANG_WARN_DOCUMENTATION_COMMENTS = YES;
				CLANG_WARN_EMPTY_BODY = YES;
				CLANG_WARN_ENUM_CONVERSION = YES;
				CLANG_WARN_INFINITE_RECURSION = YES;
				CLANG_WARN_INT_CONVERSION = YES;
				CLANG_WARN_OBJC_ROOT_CLASS = YES_ERROR;
				CLANG_WARN_SUSPICIOUS_MOVE = YES;
				CLANG_WARN_UNREACHABLE_CODE = YES;
				CLANG_WARN__DUPLICATE_METHOD_MATCH = YES;
				"CODE_SIGN_IDENTITY[sdk=iphoneos*]" = "iPhone Developer";
				COPY_PHASE_STRIP = NO;
				DEBUG_INFORMATION_FORMAT = dwarf;
				ENABLE_STRICT_OBJC_MSGSEND = YES;
				ENABLE_TESTABILITY = YES;
				GCC_C_LANGUAGE_STANDARD = gnu99;
				GCC_DYNAMIC_NO_PIC = NO;
				GCC_NO_COMMON_BLOCKS = YES;
				GCC_OPTIMIZATION_LEVEL = 0;
				GCC_PREPROCESSOR_DEFINITIONS = (
					"DEBUG=1",
					"$(inherited)",
				);
				GCC_WARN_64_TO_32_BIT_CONVERSION = YES;
				GCC_WARN_ABOUT_RETURN_TYPE = YES_ERROR;
				GCC_WARN_UNDECLARED_SELECTOR = YES;
				GCC_WARN_UNINITIALIZED_AUTOS = YES_AGGRESSIVE;
				GCC_WARN_UNUSED_FUNCTION = YES;
				GCC_WARN_UNUSED_VARIABLE = YES;
				IPHONEOS_DEPLOYMENT_TARGET = 10.3;
				MTL_ENABLE_DEBUG_INFO = YES;
				ONLY_ACTIVE_ARCH = YES;
				SDKROOT = iphoneos;
				SWIFT_ACTIVE_COMPILATION_CONDITIONS = DEBUG;
				SWIFT_OPTIMIZATION_LEVEL = "-Onone";
				TARGETED_DEVICE_FAMILY = "1,2";
			};
			name = Debug;
		};
		04626E511F6A68FE0009F076 /* Release */ = {
			isa = XCBuildConfiguration;
			buildSettings = {
				ALWAYS_SEARCH_USER_PATHS = NO;
				CLANG_ANALYZER_NONNULL = YES;
				CLANG_ANALYZER_NUMBER_OBJECT_CONVERSION = YES_AGGRESSIVE;
				CLANG_CXX_LANGUAGE_STANDARD = "gnu++0x";
				CLANG_CXX_LIBRARY = "libc++";
				CLANG_ENABLE_MODULES = YES;
				CLANG_ENABLE_OBJC_ARC = YES;
				CLANG_WARN_BOOL_CONVERSION = YES;
				CLANG_WARN_CONSTANT_CONVERSION = YES;
				CLANG_WARN_DIRECT_OBJC_ISA_USAGE = YES_ERROR;
				CLANG_WARN_DOCUMENTATION_COMMENTS = YES;
				CLANG_WARN_EMPTY_BODY = YES;
				CLANG_WARN_ENUM_CONVERSION = YES;
				CLANG_WARN_INFINITE_RECURSION = YES;
				CLANG_WARN_INT_CONVERSION = YES;
				CLANG_WARN_OBJC_ROOT_CLASS = YES_ERROR;
				CLANG_WARN_SUSPICIOUS_MOVE = YES;
				CLANG_WARN_UNREACHABLE_CODE = YES;
				CLANG_WARN__DUPLICATE_METHOD_MATCH = YES;
				"CODE_SIGN_IDENTITY[sdk=iphoneos*]" = "iPhone Developer";
				COPY_PHASE_STRIP = NO;
				DEBUG_INFORMATION_FORMAT = "dwarf-with-dsym";
				ENABLE_NS_ASSERTIONS = NO;
				ENABLE_STRICT_OBJC_MSGSEND = YES;
				GCC_C_LANGUAGE_STANDARD = gnu99;
				GCC_NO_COMMON_BLOCKS = YES;
				GCC_WARN_64_TO_32_BIT_CONVERSION = YES;
				GCC_WARN_ABOUT_RETURN_TYPE = YES_ERROR;
				GCC_WARN_UNDECLARED_SELECTOR = YES;
				GCC_WARN_UNINITIALIZED_AUTOS = YES_AGGRESSIVE;
				GCC_WARN_UNUSED_FUNCTION = YES;
				GCC_WARN_UNUSED_VARIABLE = YES;
				IPHONEOS_DEPLOYMENT_TARGET = 10.3;
				MTL_ENABLE_DEBUG_INFO = NO;
				SDKROOT = iphoneos;
				SWIFT_OPTIMIZATION_LEVEL = "-Owholemodule";
				TARGETED_DEVICE_FAMILY = "1,2";
				VALIDATE_PRODUCT = YES;
			};
			name = Release;
		};
		04626E531F6A68FE0009F076 /* Debug */ = {
			isa = XCBuildConfiguration;
			buildSettings = {
				ASSETCATALOG_COMPILER_APPICON_NAME = AppIcon;
				INFOPLIST_FILE = "Goal App!!/Info.plist";
				LD_RUNPATH_SEARCH_PATHS = "$(inherited) @executable_path/Frameworks";
				PRODUCT_BUNDLE_IDENTIFIER = "ios.Goal-App--";
				PRODUCT_NAME = "$(TARGET_NAME)";
				SWIFT_VERSION = 3.0;
			};
			name = Debug;
		};
		04626E541F6A68FE0009F076 /* Release */ = {
			isa = XCBuildConfiguration;
			buildSettings = {
				ASSETCATALOG_COMPILER_APPICON_NAME = AppIcon;
				INFOPLIST_FILE = "Goal App!!/Info.plist";
				LD_RUNPATH_SEARCH_PATHS = "$(inherited) @executable_path/Frameworks";
				PRODUCT_BUNDLE_IDENTIFIER = "ios.Goal-App--";
				PRODUCT_NAME = "$(TARGET_NAME)";
				SWIFT_VERSION = 3.0;
			};
			name = Release;
		};
		04626E561F6A68FE0009F076 /* Debug */ = {
			isa = XCBuildConfiguration;
			buildSettings = {
				ALWAYS_EMBED_SWIFT_STANDARD_LIBRARIES = YES;
				BUNDLE_LOADER = "$(TEST_HOST)";
				INFOPLIST_FILE = "Goal App!!Tests/Info.plist";
				LD_RUNPATH_SEARCH_PATHS = "$(inherited) @executable_path/Frameworks @loader_path/Frameworks";
				PRODUCT_BUNDLE_IDENTIFIER = "ios.Goal-App--Tests";
				PRODUCT_NAME = "$(TARGET_NAME)";
				SWIFT_VERSION = 3.0;
				TEST_HOST = "$(BUILT_PRODUCTS_DIR)/Goal App!!.app/Goal App!!";
			};
			name = Debug;
		};
		04626E571F6A68FE0009F076 /* Release */ = {
			isa = XCBuildConfiguration;
			buildSettings = {
				ALWAYS_EMBED_SWIFT_STANDARD_LIBRARIES = YES;
				BUNDLE_LOADER = "$(TEST_HOST)";
				INFOPLIST_FILE = "Goal App!!Tests/Info.plist";
				LD_RUNPATH_SEARCH_PATHS = "$(inherited) @executable_path/Frameworks @loader_path/Frameworks";
				PRODUCT_BUNDLE_IDENTIFIER = "ios.Goal-App--Tests";
				PRODUCT_NAME = "$(TARGET_NAME)";
				SWIFT_VERSION = 3.0;
				TEST_HOST = "$(BUILT_PRODUCTS_DIR)/Goal App!!.app/Goal App!!";
			};
			name = Release;
		};
		04626E591F6A68FE0009F076 /* Debug */ = {
			isa = XCBuildConfiguration;
			buildSettings = {
				ALWAYS_EMBED_SWIFT_STANDARD_LIBRARIES = YES;
				INFOPLIST_FILE = "Goal App!!UITests/Info.plist";
				LD_RUNPATH_SEARCH_PATHS = "$(inherited) @executable_path/Frameworks @loader_path/Frameworks";
				PRODUCT_BUNDLE_IDENTIFIER = "ios.Goal-App--UITests";
				PRODUCT_NAME = "$(TARGET_NAME)";
				SWIFT_VERSION = 3.0;
				TEST_TARGET_NAME = "Goal App!!";
			};
			name = Debug;
		};
		04626E5A1F6A68FE0009F076 /* Release */ = {
			isa = XCBuildConfiguration;
			buildSettings = {
				ALWAYS_EMBED_SWIFT_STANDARD_LIBRARIES = YES;
				INFOPLIST_FILE = "Goal App!!UITests/Info.plist";
				LD_RUNPATH_SEARCH_PATHS = "$(inherited) @executable_path/Frameworks @loader_path/Frameworks";
				PRODUCT_BUNDLE_IDENTIFIER = "ios.Goal-App--UITests";
				PRODUCT_NAME = "$(TARGET_NAME)";
				SWIFT_VERSION = 3.0;
				TEST_TARGET_NAME = "Goal App!!";
			};
			name = Release;
		};
/* End XCBuildConfiguration section */

/* Begin XCConfigurationList section */
		04626E221F6A68FE0009F076 /* Build configuration list for PBXProject "Goal App!!" */ = {
			isa = XCConfigurationList;
			buildConfigurations = (
				04626E501F6A68FE0009F076 /* Debug */,
				04626E511F6A68FE0009F076 /* Release */,
			);
			defaultConfigurationIsVisible = 0;
			defaultConfigurationName = Release;
		};
		04626E521F6A68FE0009F076 /* Build configuration list for PBXNativeTarget "Goal App!!" */ = {
			isa = XCConfigurationList;
			buildConfigurations = (
				04626E531F6A68FE0009F076 /* Debug */,
				04626E541F6A68FE0009F076 /* Release */,
			);
			defaultConfigurationIsVisible = 0;
		};
		04626E551F6A68FE0009F076 /* Build configuration list for PBXNativeTarget "Goal App!!Tests" */ = {
			isa = XCConfigurationList;
			buildConfigurations = (
				04626E561F6A68FE0009F076 /* Debug */,
				04626E571F6A68FE0009F076 /* Release */,
			);
			defaultConfigurationIsVisible = 0;
		};
		04626E581F6A68FE0009F076 /* Build configuration list for PBXNativeTarget "Goal App!!UITests" */ = {
			isa = XCConfigurationList;
			buildConfigurations = (
				04626E591F6A68FE0009F076 /* Debug */,
				04626E5A1F6A68FE0009F076 /* Release */,
			);
			defaultConfigurationIsVisible = 0;
		};
/* End XCConfigurationList section */

/* Begin XCVersionGroup section */
		04626E311F6A68FE0009F076 /* Goal_App__.xcdatamodeld */ = {
			isa = XCVersionGroup;
			children = (
				04626E321F6A68FE0009F076 /* Goal_App__.xcdatamodel */,
			);
			currentVersion = 04626E321F6A68FE0009F076 /* Goal_App__.xcdatamodel */;
			path = Goal_App__.xcdatamodeld;
			sourceTree = "<group>";
			versionGroupType = wrapper.xcdatamodel;
		};
/* End XCVersionGroup section */
	};
	rootObject = 04626E1F1F6A68FE0009F076 /* Project object */;
}
